{
    "version": 3,
    "terraform_version": "0.9.8",
    "serial": 0,
    "lineage": "a8d90bc5-11fe-498d-9a5f-144393085af0",
    "modules": [
        {
            "path": [
                "root"
            ],
            "outputs": {},
            "resources": {
                "null_resource.ansible-provision": {
                    "type": "null_resource",
                    "depends_on": [
                        "openstack_compute_instance_v2.k8s-master",
                        "openstack_compute_instance_v2.k8s-node",
                        "openstack_compute_instance_v2.k8s-node.*"
                    ],
                    "primary": {
                        "id": "9129519172895558085",
                        "attributes": {
                            "id": "9129519172895558085"
                        },
                        "meta": {},
                        "tainted": false
                    },
                    "deposed": [],
                    "provider": ""
                },
                "openstack_compute_instance_v2.k8s-master": {
                    "type": "openstack_compute_instance_v2",
                    "depends_on": [],
                    "primary": {
                        "id": "cf375a8d-0086-423d-a2ee-37220d49da2a",
                        "attributes": {
                            "access_ip_v4": "192.168.48.69",
                            "access_ip_v6": "",
                            "all_metadata.%": "0",
                            "availability_zone": "nova",
                            "flavor_id": "c477f012-7f94-4c0f-b62e-f48c64d0557e",
                            "flavor_name": "m1.x4medium",
                            "force_delete": "false",
                            "id": "cf375a8d-0086-423d-a2ee-37220d49da2a",
                            "image_id": "8d74cd9f-fbae-41f1-bc4a-e25b1950718a",
                            "image_name": "K8S-COREOS-Optimized",
                            "key_pair": "kube2",
                            "name": "k8s-master",
                            "network.#": "1",
                            "network.0.access_network": "false",
                            "network.0.fixed_ip_v4": "192.168.48.69",
                            "network.0.fixed_ip_v6": "",
                            "network.0.floating_ip": "",
                            "network.0.mac": "fa:16:3e:2a:fc:fa",
                            "network.0.name": "qa_private_network",
                            "network.0.port": "",
                            "network.0.uuid": "ff3ff5ff-42a0-427d-a127-5e4d9bd02c96",
                            "region": "RegionOne",
                            "security_groups.#": "1",
                            "security_groups.3814588639": "default",
                            "stop_before_destroy": "false",
                            "volume.#": "0"
                        },
                        "meta": {
                            "e2bfb730-ecaa-11e6-8f88-34363bc7c4c0": {
                                "create": 1800000000000,
                                "delete": 1800000000000,
                                "update": 1800000000000
                            }
                        },
                        "tainted": false
                    },
                    "deposed": [],
                    "provider": ""
                },
                "openstack_compute_instance_v2.k8s-node.0": {
                    "type": "openstack_compute_instance_v2",
                    "depends_on": [],
                    "primary": {
                        "id": "833fed01-cc7a-4f2c-ad47-229aa50f8ee0",
                        "attributes": {
                            "access_ip_v4": "192.168.48.7",
                            "access_ip_v6": "",
                            "all_metadata.%": "0",
                            "availability_zone": "nova",
                            "flavor_id": "c477f012-7f94-4c0f-b62e-f48c64d0557e",
                            "flavor_name": "m1.x4medium",
                            "force_delete": "false",
                            "id": "833fed01-cc7a-4f2c-ad47-229aa50f8ee0",
                            "image_id": "8d74cd9f-fbae-41f1-bc4a-e25b1950718a",
                            "image_name": "K8S-COREOS-Optimized",
                            "key_pair": "kube2",
                            "name": "k8s-node-0",
                            "network.#": "1",
                            "network.0.access_network": "false",
                            "network.0.fixed_ip_v4": "192.168.48.7",
                            "network.0.fixed_ip_v6": "",
                            "network.0.floating_ip": "",
                            "network.0.mac": "fa:16:3e:68:b2:b1",
                            "network.0.name": "qa_private_network",
                            "network.0.port": "",
                            "network.0.uuid": "ff3ff5ff-42a0-427d-a127-5e4d9bd02c96",
                            "region": "RegionOne",
                            "security_groups.#": "1",
                            "security_groups.3814588639": "default",
                            "stop_before_destroy": "false",
                            "volume.#": "0"
                        },
                        "meta": {
                            "e2bfb730-ecaa-11e6-8f88-34363bc7c4c0": {
                                "create": 1800000000000,
                                "delete": 1800000000000,
                                "update": 1800000000000
                            }
                        },
                        "tainted": false
                    },
                    "deposed": [],
                    "provider": ""
                },
                "openstack_compute_instance_v2.k8s-node.1": {
                    "type": "openstack_compute_instance_v2",
                    "depends_on": [],
                    "primary": {
                        "id": "637c514f-6b95-44c6-aeac-9110c2d39982",
                        "attributes": {
                            "access_ip_v4": "192.168.48.70",
                            "access_ip_v6": "",
                            "all_metadata.%": "0",
                            "availability_zone": "nova",
                            "flavor_id": "c477f012-7f94-4c0f-b62e-f48c64d0557e",
                            "flavor_name": "m1.x4medium",
                            "force_delete": "false",
                            "id": "637c514f-6b95-44c6-aeac-9110c2d39982",
                            "image_id": "8d74cd9f-fbae-41f1-bc4a-e25b1950718a",
                            "image_name": "K8S-COREOS-Optimized",
                            "key_pair": "kube2",
                            "name": "k8s-node-1",
                            "network.#": "1",
                            "network.0.access_network": "false",
                            "network.0.fixed_ip_v4": "192.168.48.70",
                            "network.0.fixed_ip_v6": "",
                            "network.0.floating_ip": "",
                            "network.0.mac": "fa:16:3e:40:27:62",
                            "network.0.name": "qa_private_network",
                            "network.0.port": "",
                            "network.0.uuid": "ff3ff5ff-42a0-427d-a127-5e4d9bd02c96",
                            "region": "RegionOne",
                            "security_groups.#": "1",
                            "security_groups.3814588639": "default",
                            "stop_before_destroy": "false",
                            "volume.#": "0"
                        },
                        "meta": {
                            "e2bfb730-ecaa-11e6-8f88-34363bc7c4c0": {
                                "create": 1800000000000,
                                "delete": 1800000000000,
                                "update": 1800000000000
                            }
                        },
                        "tainted": false
                    },
                    "deposed": [],
                    "provider": ""
                }
            },
            "depends_on": []
        }
    ]
}
